
Microsoft Visual Studio Solution File, Format Version 12.00
# Visual Studio 14
VisualStudioVersion = 14.0.23107.0
MinimumVisualStudioVersion = 10.0.40219.1
Project("{2150E333-8FDC-42A3-9474-1A3956D46DE8}") = "Bookings", "Bookings", "{4BB4E507-F12B-4512-BC12-A8B0A557B43D}"
EndProject
Project("{FAE04EC0-301F-11D3-BF4B-00C04F79EFBC}") = "Yue.Bookings.Model", "Yue.Bookings.Model\Yue.Bookings.Model.csproj", "{F9C983EE-2E26-4B5E-8CE4-B3BCC7074CE2}"
EndProject
Project("{FAE04EC0-301F-11D3-BF4B-00C04F79EFBC}") = "Yue.Bookings.Contract", "Yue.Bookings.Contract\Yue.Bookings.Contract.csproj", "{C904450F-F057-4F44-B7A0-E7227CCB3869}"
EndProject
Project("{FAE04EC0-301F-11D3-BF4B-00C04F79EFBC}") = "Yue.Bookings.Repository", "Yue.Bookings.Repository\Yue.Bookings.Repository.csproj", "{8740C79F-7E92-4E2F-906B-359A068F8843}"
EndProject
Project("{2150E333-8FDC-42A3-9474-1A3956D46DE8}") = "Common", "Common", "{8098B626-8D7C-4576-9C52-C958E3A9DDBB}"
EndProject
Project("{FAE04EC0-301F-11D3-BF4B-00C04F79EFBC}") = "Yue.Common.Contract", "Yue.Common.Contract\Yue.Common.Contract.csproj", "{EF8DD186-9FBF-4069-9654-1CFFE049D12C}"
EndProject
Project("{2150E333-8FDC-42A3-9474-1A3956D46DE8}") = "Libraries", "Libraries", "{2E1CF9DD-177F-4F81-BE3B-2DB154462231}"
EndProject
Project("{FAE04EC0-301F-11D3-BF4B-00C04F79EFBC}") = "Yue.Bookings.Handler", "Yue.Bookings.Handler\Yue.Bookings.Handler.csproj", "{CEFBF04D-913E-4E0D-8103-17114BBD02FB}"
EndProject
Project("{FAE04EC0-301F-11D3-BF4B-00C04F79EFBC}") = "ACE.Contracts", "..\ace\ACE.Contracts\ACE.Contracts.csproj", "{82F70B71-71AB-49B1-9E3F-5197ABBFD1AA}"
EndProject
Project("{FAE04EC0-301F-11D3-BF4B-00C04F79EFBC}") = "ACE", "..\ace\ACE\ACE.csproj", "{81569F0A-133A-4E07-A66B-9EFC8B5F7411}"
EndProject
Project("{FAE04EC0-301F-11D3-BF4B-00C04F79EFBC}") = "Yue.Bookings.Application", "Yue.Bookings.Application\Yue.Bookings.Application.csproj", "{736E9241-FB2C-45B3-9AD5-E200B0E9BCFB}"
EndProject
Project("{FAE04EC0-301F-11D3-BF4B-00C04F79EFBC}") = "Yue.Bookings.Repository.Write", "Yue.Bookings.Repository.Write\Yue.Bookings.Repository.Write.csproj", "{6D81753E-FB46-4BFF-B649-F28D0F924020}"
EndProject
Project("{FAE04EC0-301F-11D3-BF4B-00C04F79EFBC}") = "Grit.Pattern.FSM", "..\Infrastructures\Grit.Pattern.FSM\Grit.Pattern.FSM.csproj", "{86F1D884-2C69-45A7-AC5A-F3F374060F3C}"
EndProject
Project("{FAE04EC0-301F-11D3-BF4B-00C04F79EFBC}") = "Grit.Sequence", "..\Infrastructures\Grit.Sequence\Grit.Sequence.csproj", "{0161CD61-4221-47C3-9567-1695C06DE101}"
EndProject
Project("{FAE04EC0-301F-11D3-BF4B-00C04F79EFBC}") = "Grit.Sequence.Repository.MySql", "..\Infrastructures\Grit.Sequence.Repository.Mysql\Grit.Sequence.Repository.MySql.csproj", "{C8223CCD-75F4-4B9E-813B-B8A5A83FF758}"
EndProject
Project("{FAE04EC0-301F-11D3-BF4B-00C04F79EFBC}") = "Yue.Common.Repository", "Yue.Common.Repository\Yue.Common.Repository.csproj", "{C942A050-9103-4934-93D7-4290F488ADCF}"
EndProject
Project("{FAE04EC0-301F-11D3-BF4B-00C04F79EFBC}") = "Yue.Bookings.Repository.Model", "Yue.Bookings.Repository.Model\Yue.Bookings.Repository.Model.csproj", "{3053DE0F-8E0C-448E-B2B2-689596353DCB}"
EndProject
Project("{FAE04EC0-301F-11D3-BF4B-00C04F79EFBC}") = "Yue.WebApi", "Yue.WebApi\Yue.WebApi.csproj", "{10BB4BFB-6196-42F4-88AE-07311E4FAAC4}"
EndProject
Project("{FAE04EC0-301F-11D3-BF4B-00C04F79EFBC}") = "Yue.Bookings.MicroServices", "Yue.Bookings.MicroServices\Yue.Bookings.MicroServices.csproj", "{860FAC0D-2EC6-49DF-A326-8F03C4B15EDC}"
EndProject
Project("{2150E333-8FDC-42A3-9474-1A3956D46DE8}") = "Read", "Read", "{627EEDFE-4494-4A17-9334-71900B8EAACF}"
EndProject
Project("{2150E333-8FDC-42A3-9474-1A3956D46DE8}") = "Write", "Write", "{9B7C7A39-EA2A-4E93-91C0-E785950F3064}"
EndProject
Project("{FAE04EC0-301F-11D3-BF4B-00C04F79EFBC}") = "Yue.Bookings.View.Model", "Yue.Bookings.View.Model\Yue.Bookings.View.Model.csproj", "{5767C7C6-9DE4-43D4-8183-C57C6BF4D616}"
EndProject
Project("{2150E333-8FDC-42A3-9474-1A3956D46DE8}") = "Applications", "Applications", "{9ED8A4CD-4B9B-4A67-8F27-BDA4EE038BC0}"
EndProject
Project("{2150E333-8FDC-42A3-9474-1A3956D46DE8}") = "Users", "Users", "{55B5323B-9B6E-4EEF-AA8F-EFB92BCFAEFF}"
EndProject
Project("{FAE04EC0-301F-11D3-BF4B-00C04F79EFBC}") = "Yue.Users.Model", "Yue.Users.Model\Yue.Users.Model.csproj", "{CB72E1FB-035D-4BF4-8492-4897869EC2EB}"
EndProject
Project("{FAE04EC0-301F-11D3-BF4B-00C04F79EFBC}") = "Yue.Users.Contract", "Yue.Users.Contract\Yue.Users.Contract.csproj", "{1E0E1AA1-4BD1-4C21-84F5-2778ECE3B580}"
EndProject
Project("{2150E333-8FDC-42A3-9474-1A3956D46DE8}") = "Read", "Read", "{EAAC8AFB-B374-478E-A37C-DE6CC35C6546}"
EndProject
Project("{2150E333-8FDC-42A3-9474-1A3956D46DE8}") = "Write", "Write", "{83EA36E6-7E22-4801-AE16-C90AD11167B2}"
EndProject
Project("{FAE04EC0-301F-11D3-BF4B-00C04F79EFBC}") = "Yue.Users.Application", "Yue.Users.Application\Yue.Users.Application.csproj", "{78E5DA98-D805-49FF-997E-512BD61134C3}"
EndProject
Project("{FAE04EC0-301F-11D3-BF4B-00C04F79EFBC}") = "Yue.Users.Handler", "Yue.Users.Handler\Yue.Users.Handler.csproj", "{D9C3D164-B6AE-46C7-909B-649C3B78A8E4}"
EndProject
Project("{FAE04EC0-301F-11D3-BF4B-00C04F79EFBC}") = "Grit.Utility", "..\grit\Grit.Utility\Grit.Utility.csproj", "{BD3AD860-D5A7-4FBD-91A0-BDF20236E5A8}"
EndProject
Project("{FAE04EC0-301F-11D3-BF4B-00C04F79EFBC}") = "Yue.Users.Repository.Write", "Yue.Users.Repository.Write\Yue.Users.Repository.Write.csproj", "{A0FFF3AE-D8B8-4239-AC8C-90C3BF48F475}"
EndProject
Project("{FAE04EC0-301F-11D3-BF4B-00C04F79EFBC}") = "Yue.Users.Repository", "Yue.Users.Repository\Yue.Users.Repository.csproj", "{9AD39436-6963-4ABA-BB51-2931F611472C}"
EndProject
Project("{FAE04EC0-301F-11D3-BF4B-00C04F79EFBC}") = "Yue.Users.MicroServices", "Yue.Users.MicroServices\Yue.Users.MicroServices.csproj", "{C6E96AB8-2133-45D3-B7C4-F61139B807B7}"
EndProject
Project("{FAE04EC0-301F-11D3-BF4B-00C04F79EFBC}") = "Yue.Common.Log", "Yue.Common.Log\Yue.Common.Log.csproj", "{AF1E904B-CB8E-440E-9F46-241AB259F3B5}"
EndProject
Project("{FAE04EC0-301F-11D3-BF4B-00C04F79EFBC}") = "Yue.Users.View.Model", "Yue.Users.View.Model\Yue.Users.View.Model.csproj", "{51F23943-A42A-4433-9F0C-88FB0FEBF616}"
EndProject
Project("{FAE04EC0-301F-11D3-BF4B-00C04F79EFBC}") = "Yue.Users.Repository.Model", "Yue.Users.Repository.Model\Yue.Users.Repository.Model.csproj", "{F7DA45AA-7DD5-43E6-AA51-2AB88317B734}"
EndProject
Project("{F2A71F9B-5D33-465A-A702-920D77279786}") = "Yue.Users.ContractFS", "Yue.Users.ContractFS\Yue.Users.ContractFS.fsproj", "{E095BAB3-BF66-4042-AA4E-78D0D406136A}"
EndProject
Project("{F2A71F9B-5D33-465A-A702-920D77279786}") = "Yue.Bookings.ContractFS", "Yue.Bookings.ContractFS\Yue.Bookings.ContractFS.fsproj", "{F790A30B-68B2-40D2-BD33-3499078EC2EA}"
EndProject
Project("{FAE04EC0-301F-11D3-BF4B-00C04F79EFBC}") = "Yue.WebApi.Test", "Yue.WebApi.Test\Yue.WebApi.Test.csproj", "{6FB3C046-0A81-45F9-A3BB-3C9FB37FF3A3}"
EndProject
Project("{2150E333-8FDC-42A3-9474-1A3956D46DE8}") = "Resources", "Resources", "{DA2AE88C-E805-4FEF-AD10-02E9397F0490}"
EndProject
Project("{2150E333-8FDC-42A3-9474-1A3956D46DE8}") = "Read", "Read", "{34F9E929-F9D8-4898-A0B9-80299921100C}"
EndProject
Project("{2150E333-8FDC-42A3-9474-1A3956D46DE8}") = "Write", "Write", "{5D883863-1F97-4A04-9ECD-61235B7134B7}"
EndProject
Project("{FAE04EC0-301F-11D3-BF4B-00C04F79EFBC}") = "Yue.Resources.Model", "Yue.Resources.Model\Yue.Resources.Model.csproj", "{9B97E44C-AEEE-4205-AB45-4F6A69666EFC}"
EndProject
Project("{FAE04EC0-301F-11D3-BF4B-00C04F79EFBC}") = "Yue.Resources.Contract", "Yue.Resources.Contract\Yue.Resources.Contract.csproj", "{708C6FE6-F572-4C2F-B0A4-8C8396361786}"
EndProject
Project("{F2A71F9B-5D33-465A-A702-920D77279786}") = "Yue.Resources.ContractFS", "Yue.Resources.ContractFS\Yue.Resources.ContractFS.fsproj", "{B5EC00B0-9578-4E1D-B496-C7A02B392077}"
EndProject
Project("{FAE04EC0-301F-11D3-BF4B-00C04F79EFBC}") = "Yue.Resources.Handler", "Yue.Resources.Handler\Yue.Resources.Handler.csproj", "{B1911E33-8EC9-4721-99AB-8F59109769C9}"
EndProject
Project("{2150E333-8FDC-42A3-9474-1A3956D46DE8}") = "Members", "Members", "{CC994D1F-A8E5-4894-A13E-F0602497C4F3}"
EndProject
Project("{2150E333-8FDC-42A3-9474-1A3956D46DE8}") = "Read", "Read", "{6FAD1879-6590-41DF-987E-F10EFF378C54}"
EndProject
Project("{2150E333-8FDC-42A3-9474-1A3956D46DE8}") = "Write", "Write", "{13EBE620-9FA7-43BB-B40C-30ED79929991}"
EndProject
Project("{FAE04EC0-301F-11D3-BF4B-00C04F79EFBC}") = "Yue.Members.Contract", "Yue.Members.Contract\Yue.Members.Contract.csproj", "{42AC490C-4B86-42BD-B414-B54A5CB41154}"
EndProject
Project("{F2A71F9B-5D33-465A-A702-920D77279786}") = "Yue.Members.ContractFS", "Yue.Members.ContractFS\Yue.Members.ContractFS.fsproj", "{A792D3FC-8EFC-4F9F-B674-F29FE56B0C72}"
EndProject
Project("{FAE04EC0-301F-11D3-BF4B-00C04F79EFBC}") = "Yue.Memebers.Model", "Yue.Memebers.Model\Yue.Memebers.Model.csproj", "{F542E929-953C-4BE0-AF26-73115DA778FF}"
EndProject
Project("{FAE04EC0-301F-11D3-BF4B-00C04F79EFBC}") = "Yue.Members.Handler", "Yue.Members.Handler\Yue.Members.Handler.csproj", "{27055C22-C1AC-4B59-99F5-E6606B73EE57}"
EndProject
Project("{FAE04EC0-301F-11D3-BF4B-00C04F79EFBC}") = "Yue.Members.Repository", "Yue.Members.Repository\Yue.Members.Repository.csproj", "{AE5331E5-503C-4AC1-894D-725AC03E4A34}"
EndProject
Project("{FAE04EC0-301F-11D3-BF4B-00C04F79EFBC}") = "Yue.Members.Repository.Write", "Yue.Members.Repository.Write\Yue.Members.Repository.Write.csproj", "{FE787705-D62B-4E6D-85E3-66ED758E3F44}"
EndProject
Global
	GlobalSection(SolutionConfigurationPlatforms) = preSolution
		Debug|Any CPU = Debug|Any CPU
		Release|Any CPU = Release|Any CPU
	EndGlobalSection
	GlobalSection(ProjectConfigurationPlatforms) = postSolution
		{F9C983EE-2E26-4B5E-8CE4-B3BCC7074CE2}.Debug|Any CPU.ActiveCfg = Debug|Any CPU
		{F9C983EE-2E26-4B5E-8CE4-B3BCC7074CE2}.Debug|Any CPU.Build.0 = Debug|Any CPU
		{F9C983EE-2E26-4B5E-8CE4-B3BCC7074CE2}.Release|Any CPU.ActiveCfg = Release|Any CPU
		{F9C983EE-2E26-4B5E-8CE4-B3BCC7074CE2}.Release|Any CPU.Build.0 = Release|Any CPU
		{C904450F-F057-4F44-B7A0-E7227CCB3869}.Debug|Any CPU.ActiveCfg = Debug|Any CPU
		{C904450F-F057-4F44-B7A0-E7227CCB3869}.Debug|Any CPU.Build.0 = Debug|Any CPU
		{C904450F-F057-4F44-B7A0-E7227CCB3869}.Release|Any CPU.ActiveCfg = Release|Any CPU
		{C904450F-F057-4F44-B7A0-E7227CCB3869}.Release|Any CPU.Build.0 = Release|Any CPU
		{8740C79F-7E92-4E2F-906B-359A068F8843}.Debug|Any CPU.ActiveCfg = Debug|Any CPU
		{8740C79F-7E92-4E2F-906B-359A068F8843}.Debug|Any CPU.Build.0 = Debug|Any CPU
		{8740C79F-7E92-4E2F-906B-359A068F8843}.Release|Any CPU.ActiveCfg = Release|Any CPU
		{8740C79F-7E92-4E2F-906B-359A068F8843}.Release|Any CPU.Build.0 = Release|Any CPU
		{EF8DD186-9FBF-4069-9654-1CFFE049D12C}.Debug|Any CPU.ActiveCfg = Debug|Any CPU
		{EF8DD186-9FBF-4069-9654-1CFFE049D12C}.Debug|Any CPU.Build.0 = Debug|Any CPU
		{EF8DD186-9FBF-4069-9654-1CFFE049D12C}.Release|Any CPU.ActiveCfg = Release|Any CPU
		{EF8DD186-9FBF-4069-9654-1CFFE049D12C}.Release|Any CPU.Build.0 = Release|Any CPU
		{CEFBF04D-913E-4E0D-8103-17114BBD02FB}.Debug|Any CPU.ActiveCfg = Debug|Any CPU
		{CEFBF04D-913E-4E0D-8103-17114BBD02FB}.Debug|Any CPU.Build.0 = Debug|Any CPU
		{CEFBF04D-913E-4E0D-8103-17114BBD02FB}.Release|Any CPU.ActiveCfg = Release|Any CPU
		{CEFBF04D-913E-4E0D-8103-17114BBD02FB}.Release|Any CPU.Build.0 = Release|Any CPU
		{82F70B71-71AB-49B1-9E3F-5197ABBFD1AA}.Debug|Any CPU.ActiveCfg = Debug|Any CPU
		{82F70B71-71AB-49B1-9E3F-5197ABBFD1AA}.Debug|Any CPU.Build.0 = Debug|Any CPU
		{82F70B71-71AB-49B1-9E3F-5197ABBFD1AA}.Release|Any CPU.ActiveCfg = Release|Any CPU
		{82F70B71-71AB-49B1-9E3F-5197ABBFD1AA}.Release|Any CPU.Build.0 = Release|Any CPU
		{81569F0A-133A-4E07-A66B-9EFC8B5F7411}.Debug|Any CPU.ActiveCfg = Debug|Any CPU
		{81569F0A-133A-4E07-A66B-9EFC8B5F7411}.Debug|Any CPU.Build.0 = Debug|Any CPU
		{81569F0A-133A-4E07-A66B-9EFC8B5F7411}.Release|Any CPU.ActiveCfg = Release|Any CPU
		{81569F0A-133A-4E07-A66B-9EFC8B5F7411}.Release|Any CPU.Build.0 = Release|Any CPU
		{736E9241-FB2C-45B3-9AD5-E200B0E9BCFB}.Debug|Any CPU.ActiveCfg = Debug|Any CPU
		{736E9241-FB2C-45B3-9AD5-E200B0E9BCFB}.Debug|Any CPU.Build.0 = Debug|Any CPU
		{736E9241-FB2C-45B3-9AD5-E200B0E9BCFB}.Release|Any CPU.ActiveCfg = Release|Any CPU
		{736E9241-FB2C-45B3-9AD5-E200B0E9BCFB}.Release|Any CPU.Build.0 = Release|Any CPU
		{6D81753E-FB46-4BFF-B649-F28D0F924020}.Debug|Any CPU.ActiveCfg = Debug|Any CPU
		{6D81753E-FB46-4BFF-B649-F28D0F924020}.Debug|Any CPU.Build.0 = Debug|Any CPU
		{6D81753E-FB46-4BFF-B649-F28D0F924020}.Release|Any CPU.ActiveCfg = Release|Any CPU
		{6D81753E-FB46-4BFF-B649-F28D0F924020}.Release|Any CPU.Build.0 = Release|Any CPU
		{86F1D884-2C69-45A7-AC5A-F3F374060F3C}.Debug|Any CPU.ActiveCfg = Debug|Any CPU
		{86F1D884-2C69-45A7-AC5A-F3F374060F3C}.Debug|Any CPU.Build.0 = Debug|Any CPU
		{86F1D884-2C69-45A7-AC5A-F3F374060F3C}.Release|Any CPU.ActiveCfg = Release|Any CPU
		{86F1D884-2C69-45A7-AC5A-F3F374060F3C}.Release|Any CPU.Build.0 = Release|Any CPU
		{0161CD61-4221-47C3-9567-1695C06DE101}.Debug|Any CPU.ActiveCfg = Debug|Any CPU
		{0161CD61-4221-47C3-9567-1695C06DE101}.Debug|Any CPU.Build.0 = Debug|Any CPU
		{0161CD61-4221-47C3-9567-1695C06DE101}.Release|Any CPU.ActiveCfg = Release|Any CPU
		{0161CD61-4221-47C3-9567-1695C06DE101}.Release|Any CPU.Build.0 = Release|Any CPU
		{C8223CCD-75F4-4B9E-813B-B8A5A83FF758}.Debug|Any CPU.ActiveCfg = Debug|Any CPU
		{C8223CCD-75F4-4B9E-813B-B8A5A83FF758}.Debug|Any CPU.Build.0 = Debug|Any CPU
		{C8223CCD-75F4-4B9E-813B-B8A5A83FF758}.Release|Any CPU.ActiveCfg = Release|Any CPU
		{C8223CCD-75F4-4B9E-813B-B8A5A83FF758}.Release|Any CPU.Build.0 = Release|Any CPU
		{C942A050-9103-4934-93D7-4290F488ADCF}.Debug|Any CPU.ActiveCfg = Debug|Any CPU
		{C942A050-9103-4934-93D7-4290F488ADCF}.Debug|Any CPU.Build.0 = Debug|Any CPU
		{C942A050-9103-4934-93D7-4290F488ADCF}.Release|Any CPU.ActiveCfg = Release|Any CPU
		{C942A050-9103-4934-93D7-4290F488ADCF}.Release|Any CPU.Build.0 = Release|Any CPU
		{3053DE0F-8E0C-448E-B2B2-689596353DCB}.Debug|Any CPU.ActiveCfg = Debug|Any CPU
		{3053DE0F-8E0C-448E-B2B2-689596353DCB}.Debug|Any CPU.Build.0 = Debug|Any CPU
		{3053DE0F-8E0C-448E-B2B2-689596353DCB}.Release|Any CPU.ActiveCfg = Release|Any CPU
		{3053DE0F-8E0C-448E-B2B2-689596353DCB}.Release|Any CPU.Build.0 = Release|Any CPU
		{10BB4BFB-6196-42F4-88AE-07311E4FAAC4}.Debug|Any CPU.ActiveCfg = Debug|Any CPU
		{10BB4BFB-6196-42F4-88AE-07311E4FAAC4}.Debug|Any CPU.Build.0 = Debug|Any CPU
		{10BB4BFB-6196-42F4-88AE-07311E4FAAC4}.Release|Any CPU.ActiveCfg = Release|Any CPU
		{10BB4BFB-6196-42F4-88AE-07311E4FAAC4}.Release|Any CPU.Build.0 = Release|Any CPU
		{860FAC0D-2EC6-49DF-A326-8F03C4B15EDC}.Debug|Any CPU.ActiveCfg = Debug|Any CPU
		{860FAC0D-2EC6-49DF-A326-8F03C4B15EDC}.Debug|Any CPU.Build.0 = Debug|Any CPU
		{860FAC0D-2EC6-49DF-A326-8F03C4B15EDC}.Release|Any CPU.ActiveCfg = Release|Any CPU
		{860FAC0D-2EC6-49DF-A326-8F03C4B15EDC}.Release|Any CPU.Build.0 = Release|Any CPU
		{5767C7C6-9DE4-43D4-8183-C57C6BF4D616}.Debug|Any CPU.ActiveCfg = Debug|Any CPU
		{5767C7C6-9DE4-43D4-8183-C57C6BF4D616}.Debug|Any CPU.Build.0 = Debug|Any CPU
		{5767C7C6-9DE4-43D4-8183-C57C6BF4D616}.Release|Any CPU.ActiveCfg = Release|Any CPU
		{5767C7C6-9DE4-43D4-8183-C57C6BF4D616}.Release|Any CPU.Build.0 = Release|Any CPU
		{CB72E1FB-035D-4BF4-8492-4897869EC2EB}.Debug|Any CPU.ActiveCfg = Debug|Any CPU
		{CB72E1FB-035D-4BF4-8492-4897869EC2EB}.Debug|Any CPU.Build.0 = Debug|Any CPU
		{CB72E1FB-035D-4BF4-8492-4897869EC2EB}.Release|Any CPU.ActiveCfg = Release|Any CPU
		{CB72E1FB-035D-4BF4-8492-4897869EC2EB}.Release|Any CPU.Build.0 = Release|Any CPU
		{1E0E1AA1-4BD1-4C21-84F5-2778ECE3B580}.Debug|Any CPU.ActiveCfg = Debug|Any CPU
		{1E0E1AA1-4BD1-4C21-84F5-2778ECE3B580}.Debug|Any CPU.Build.0 = Debug|Any CPU
		{1E0E1AA1-4BD1-4C21-84F5-2778ECE3B580}.Release|Any CPU.ActiveCfg = Release|Any CPU
		{1E0E1AA1-4BD1-4C21-84F5-2778ECE3B580}.Release|Any CPU.Build.0 = Release|Any CPU
		{78E5DA98-D805-49FF-997E-512BD61134C3}.Debug|Any CPU.ActiveCfg = Debug|Any CPU
		{78E5DA98-D805-49FF-997E-512BD61134C3}.Debug|Any CPU.Build.0 = Debug|Any CPU
		{78E5DA98-D805-49FF-997E-512BD61134C3}.Release|Any CPU.ActiveCfg = Release|Any CPU
		{78E5DA98-D805-49FF-997E-512BD61134C3}.Release|Any CPU.Build.0 = Release|Any CPU
		{D9C3D164-B6AE-46C7-909B-649C3B78A8E4}.Debug|Any CPU.ActiveCfg = Debug|Any CPU
		{D9C3D164-B6AE-46C7-909B-649C3B78A8E4}.Debug|Any CPU.Build.0 = Debug|Any CPU
		{D9C3D164-B6AE-46C7-909B-649C3B78A8E4}.Release|Any CPU.ActiveCfg = Release|Any CPU
		{D9C3D164-B6AE-46C7-909B-649C3B78A8E4}.Release|Any CPU.Build.0 = Release|Any CPU
		{BD3AD860-D5A7-4FBD-91A0-BDF20236E5A8}.Debug|Any CPU.ActiveCfg = Debug|Any CPU
		{BD3AD860-D5A7-4FBD-91A0-BDF20236E5A8}.Debug|Any CPU.Build.0 = Debug|Any CPU
		{BD3AD860-D5A7-4FBD-91A0-BDF20236E5A8}.Release|Any CPU.ActiveCfg = Release|Any CPU
		{BD3AD860-D5A7-4FBD-91A0-BDF20236E5A8}.Release|Any CPU.Build.0 = Release|Any CPU
		{A0FFF3AE-D8B8-4239-AC8C-90C3BF48F475}.Debug|Any CPU.ActiveCfg = Debug|Any CPU
		{A0FFF3AE-D8B8-4239-AC8C-90C3BF48F475}.Debug|Any CPU.Build.0 = Debug|Any CPU
		{A0FFF3AE-D8B8-4239-AC8C-90C3BF48F475}.Release|Any CPU.ActiveCfg = Release|Any CPU
		{A0FFF3AE-D8B8-4239-AC8C-90C3BF48F475}.Release|Any CPU.Build.0 = Release|Any CPU
		{9AD39436-6963-4ABA-BB51-2931F611472C}.Debug|Any CPU.ActiveCfg = Debug|Any CPU
		{9AD39436-6963-4ABA-BB51-2931F611472C}.Debug|Any CPU.Build.0 = Debug|Any CPU
		{9AD39436-6963-4ABA-BB51-2931F611472C}.Release|Any CPU.ActiveCfg = Release|Any CPU
		{9AD39436-6963-4ABA-BB51-2931F611472C}.Release|Any CPU.Build.0 = Release|Any CPU
		{C6E96AB8-2133-45D3-B7C4-F61139B807B7}.Debug|Any CPU.ActiveCfg = Debug|Any CPU
		{C6E96AB8-2133-45D3-B7C4-F61139B807B7}.Debug|Any CPU.Build.0 = Debug|Any CPU
		{C6E96AB8-2133-45D3-B7C4-F61139B807B7}.Release|Any CPU.ActiveCfg = Release|Any CPU
		{C6E96AB8-2133-45D3-B7C4-F61139B807B7}.Release|Any CPU.Build.0 = Release|Any CPU
		{AF1E904B-CB8E-440E-9F46-241AB259F3B5}.Debug|Any CPU.ActiveCfg = Debug|Any CPU
		{AF1E904B-CB8E-440E-9F46-241AB259F3B5}.Debug|Any CPU.Build.0 = Debug|Any CPU
		{AF1E904B-CB8E-440E-9F46-241AB259F3B5}.Release|Any CPU.ActiveCfg = Release|Any CPU
		{AF1E904B-CB8E-440E-9F46-241AB259F3B5}.Release|Any CPU.Build.0 = Release|Any CPU
		{51F23943-A42A-4433-9F0C-88FB0FEBF616}.Debug|Any CPU.ActiveCfg = Debug|Any CPU
		{51F23943-A42A-4433-9F0C-88FB0FEBF616}.Debug|Any CPU.Build.0 = Debug|Any CPU
		{51F23943-A42A-4433-9F0C-88FB0FEBF616}.Release|Any CPU.ActiveCfg = Release|Any CPU
		{51F23943-A42A-4433-9F0C-88FB0FEBF616}.Release|Any CPU.Build.0 = Release|Any CPU
		{F7DA45AA-7DD5-43E6-AA51-2AB88317B734}.Debug|Any CPU.ActiveCfg = Debug|Any CPU
		{F7DA45AA-7DD5-43E6-AA51-2AB88317B734}.Debug|Any CPU.Build.0 = Debug|Any CPU
		{F7DA45AA-7DD5-43E6-AA51-2AB88317B734}.Release|Any CPU.ActiveCfg = Release|Any CPU
		{F7DA45AA-7DD5-43E6-AA51-2AB88317B734}.Release|Any CPU.Build.0 = Release|Any CPU
		{E095BAB3-BF66-4042-AA4E-78D0D406136A}.Debug|Any CPU.ActiveCfg = Debug|Any CPU
		{E095BAB3-BF66-4042-AA4E-78D0D406136A}.Debug|Any CPU.Build.0 = Debug|Any CPU
		{E095BAB3-BF66-4042-AA4E-78D0D406136A}.Release|Any CPU.ActiveCfg = Release|Any CPU
		{E095BAB3-BF66-4042-AA4E-78D0D406136A}.Release|Any CPU.Build.0 = Release|Any CPU
		{F790A30B-68B2-40D2-BD33-3499078EC2EA}.Debug|Any CPU.ActiveCfg = Debug|Any CPU
		{F790A30B-68B2-40D2-BD33-3499078EC2EA}.Debug|Any CPU.Build.0 = Debug|Any CPU
		{F790A30B-68B2-40D2-BD33-3499078EC2EA}.Release|Any CPU.ActiveCfg = Release|Any CPU
		{F790A30B-68B2-40D2-BD33-3499078EC2EA}.Release|Any CPU.Build.0 = Release|Any CPU
		{6FB3C046-0A81-45F9-A3BB-3C9FB37FF3A3}.Debug|Any CPU.ActiveCfg = Debug|Any CPU
		{6FB3C046-0A81-45F9-A3BB-3C9FB37FF3A3}.Debug|Any CPU.Build.0 = Debug|Any CPU
		{6FB3C046-0A81-45F9-A3BB-3C9FB37FF3A3}.Release|Any CPU.ActiveCfg = Release|Any CPU
		{6FB3C046-0A81-45F9-A3BB-3C9FB37FF3A3}.Release|Any CPU.Build.0 = Release|Any CPU
		{9B97E44C-AEEE-4205-AB45-4F6A69666EFC}.Debug|Any CPU.ActiveCfg = Debug|Any CPU
		{9B97E44C-AEEE-4205-AB45-4F6A69666EFC}.Debug|Any CPU.Build.0 = Debug|Any CPU
		{9B97E44C-AEEE-4205-AB45-4F6A69666EFC}.Release|Any CPU.ActiveCfg = Release|Any CPU
		{9B97E44C-AEEE-4205-AB45-4F6A69666EFC}.Release|Any CPU.Build.0 = Release|Any CPU
		{708C6FE6-F572-4C2F-B0A4-8C8396361786}.Debug|Any CPU.ActiveCfg = Debug|Any CPU
		{708C6FE6-F572-4C2F-B0A4-8C8396361786}.Debug|Any CPU.Build.0 = Debug|Any CPU
		{708C6FE6-F572-4C2F-B0A4-8C8396361786}.Release|Any CPU.ActiveCfg = Release|Any CPU
		{708C6FE6-F572-4C2F-B0A4-8C8396361786}.Release|Any CPU.Build.0 = Release|Any CPU
		{B5EC00B0-9578-4E1D-B496-C7A02B392077}.Debug|Any CPU.ActiveCfg = Debug|Any CPU
		{B5EC00B0-9578-4E1D-B496-C7A02B392077}.Debug|Any CPU.Build.0 = Debug|Any CPU
		{B5EC00B0-9578-4E1D-B496-C7A02B392077}.Release|Any CPU.ActiveCfg = Release|Any CPU
		{B5EC00B0-9578-4E1D-B496-C7A02B392077}.Release|Any CPU.Build.0 = Release|Any CPU
		{B1911E33-8EC9-4721-99AB-8F59109769C9}.Debug|Any CPU.ActiveCfg = Debug|Any CPU
		{B1911E33-8EC9-4721-99AB-8F59109769C9}.Debug|Any CPU.Build.0 = Debug|Any CPU
		{B1911E33-8EC9-4721-99AB-8F59109769C9}.Release|Any CPU.ActiveCfg = Release|Any CPU
		{B1911E33-8EC9-4721-99AB-8F59109769C9}.Release|Any CPU.Build.0 = Release|Any CPU
		{42AC490C-4B86-42BD-B414-B54A5CB41154}.Debug|Any CPU.ActiveCfg = Debug|Any CPU
		{42AC490C-4B86-42BD-B414-B54A5CB41154}.Debug|Any CPU.Build.0 = Debug|Any CPU
		{42AC490C-4B86-42BD-B414-B54A5CB41154}.Release|Any CPU.ActiveCfg = Release|Any CPU
		{42AC490C-4B86-42BD-B414-B54A5CB41154}.Release|Any CPU.Build.0 = Release|Any CPU
		{A792D3FC-8EFC-4F9F-B674-F29FE56B0C72}.Debug|Any CPU.ActiveCfg = Debug|Any CPU
		{A792D3FC-8EFC-4F9F-B674-F29FE56B0C72}.Debug|Any CPU.Build.0 = Debug|Any CPU
		{A792D3FC-8EFC-4F9F-B674-F29FE56B0C72}.Release|Any CPU.ActiveCfg = Release|Any CPU
		{A792D3FC-8EFC-4F9F-B674-F29FE56B0C72}.Release|Any CPU.Build.0 = Release|Any CPU
		{F542E929-953C-4BE0-AF26-73115DA778FF}.Debug|Any CPU.ActiveCfg = Debug|Any CPU
		{F542E929-953C-4BE0-AF26-73115DA778FF}.Debug|Any CPU.Build.0 = Debug|Any CPU
		{F542E929-953C-4BE0-AF26-73115DA778FF}.Release|Any CPU.ActiveCfg = Release|Any CPU
		{F542E929-953C-4BE0-AF26-73115DA778FF}.Release|Any CPU.Build.0 = Release|Any CPU
		{27055C22-C1AC-4B59-99F5-E6606B73EE57}.Debug|Any CPU.ActiveCfg = Debug|Any CPU
		{27055C22-C1AC-4B59-99F5-E6606B73EE57}.Debug|Any CPU.Build.0 = Debug|Any CPU
		{27055C22-C1AC-4B59-99F5-E6606B73EE57}.Release|Any CPU.ActiveCfg = Release|Any CPU
		{27055C22-C1AC-4B59-99F5-E6606B73EE57}.Release|Any CPU.Build.0 = Release|Any CPU
		{AE5331E5-503C-4AC1-894D-725AC03E4A34}.Debug|Any CPU.ActiveCfg = Debug|Any CPU
		{AE5331E5-503C-4AC1-894D-725AC03E4A34}.Debug|Any CPU.Build.0 = Debug|Any CPU
		{AE5331E5-503C-4AC1-894D-725AC03E4A34}.Release|Any CPU.ActiveCfg = Release|Any CPU
		{AE5331E5-503C-4AC1-894D-725AC03E4A34}.Release|Any CPU.Build.0 = Release|Any CPU
		{FE787705-D62B-4E6D-85E3-66ED758E3F44}.Debug|Any CPU.ActiveCfg = Debug|Any CPU
		{FE787705-D62B-4E6D-85E3-66ED758E3F44}.Debug|Any CPU.Build.0 = Debug|Any CPU
		{FE787705-D62B-4E6D-85E3-66ED758E3F44}.Release|Any CPU.ActiveCfg = Release|Any CPU
		{FE787705-D62B-4E6D-85E3-66ED758E3F44}.Release|Any CPU.Build.0 = Release|Any CPU
	EndGlobalSection
	GlobalSection(SolutionProperties) = preSolution
		HideSolutionNode = FALSE
	EndGlobalSection
	GlobalSection(NestedProjects) = preSolution
		{F9C983EE-2E26-4B5E-8CE4-B3BCC7074CE2} = {627EEDFE-4494-4A17-9334-71900B8EAACF}
		{C904450F-F057-4F44-B7A0-E7227CCB3869} = {4BB4E507-F12B-4512-BC12-A8B0A557B43D}
		{8740C79F-7E92-4E2F-906B-359A068F8843} = {627EEDFE-4494-4A17-9334-71900B8EAACF}
		{EF8DD186-9FBF-4069-9654-1CFFE049D12C} = {8098B626-8D7C-4576-9C52-C958E3A9DDBB}
		{CEFBF04D-913E-4E0D-8103-17114BBD02FB} = {9B7C7A39-EA2A-4E93-91C0-E785950F3064}
		{82F70B71-71AB-49B1-9E3F-5197ABBFD1AA} = {2E1CF9DD-177F-4F81-BE3B-2DB154462231}
		{81569F0A-133A-4E07-A66B-9EFC8B5F7411} = {2E1CF9DD-177F-4F81-BE3B-2DB154462231}
		{736E9241-FB2C-45B3-9AD5-E200B0E9BCFB} = {9B7C7A39-EA2A-4E93-91C0-E785950F3064}
		{6D81753E-FB46-4BFF-B649-F28D0F924020} = {9B7C7A39-EA2A-4E93-91C0-E785950F3064}
		{86F1D884-2C69-45A7-AC5A-F3F374060F3C} = {2E1CF9DD-177F-4F81-BE3B-2DB154462231}
		{0161CD61-4221-47C3-9567-1695C06DE101} = {2E1CF9DD-177F-4F81-BE3B-2DB154462231}
		{C8223CCD-75F4-4B9E-813B-B8A5A83FF758} = {2E1CF9DD-177F-4F81-BE3B-2DB154462231}
		{C942A050-9103-4934-93D7-4290F488ADCF} = {8098B626-8D7C-4576-9C52-C958E3A9DDBB}
		{3053DE0F-8E0C-448E-B2B2-689596353DCB} = {4BB4E507-F12B-4512-BC12-A8B0A557B43D}
		{10BB4BFB-6196-42F4-88AE-07311E4FAAC4} = {9ED8A4CD-4B9B-4A67-8F27-BDA4EE038BC0}
		{860FAC0D-2EC6-49DF-A326-8F03C4B15EDC} = {9ED8A4CD-4B9B-4A67-8F27-BDA4EE038BC0}
		{627EEDFE-4494-4A17-9334-71900B8EAACF} = {4BB4E507-F12B-4512-BC12-A8B0A557B43D}
		{9B7C7A39-EA2A-4E93-91C0-E785950F3064} = {4BB4E507-F12B-4512-BC12-A8B0A557B43D}
		{5767C7C6-9DE4-43D4-8183-C57C6BF4D616} = {4BB4E507-F12B-4512-BC12-A8B0A557B43D}
		{CB72E1FB-035D-4BF4-8492-4897869EC2EB} = {EAAC8AFB-B374-478E-A37C-DE6CC35C6546}
		{1E0E1AA1-4BD1-4C21-84F5-2778ECE3B580} = {55B5323B-9B6E-4EEF-AA8F-EFB92BCFAEFF}
		{EAAC8AFB-B374-478E-A37C-DE6CC35C6546} = {55B5323B-9B6E-4EEF-AA8F-EFB92BCFAEFF}
		{83EA36E6-7E22-4801-AE16-C90AD11167B2} = {55B5323B-9B6E-4EEF-AA8F-EFB92BCFAEFF}
		{78E5DA98-D805-49FF-997E-512BD61134C3} = {83EA36E6-7E22-4801-AE16-C90AD11167B2}
		{D9C3D164-B6AE-46C7-909B-649C3B78A8E4} = {83EA36E6-7E22-4801-AE16-C90AD11167B2}
		{BD3AD860-D5A7-4FBD-91A0-BDF20236E5A8} = {2E1CF9DD-177F-4F81-BE3B-2DB154462231}
		{A0FFF3AE-D8B8-4239-AC8C-90C3BF48F475} = {83EA36E6-7E22-4801-AE16-C90AD11167B2}
		{9AD39436-6963-4ABA-BB51-2931F611472C} = {EAAC8AFB-B374-478E-A37C-DE6CC35C6546}
		{C6E96AB8-2133-45D3-B7C4-F61139B807B7} = {9ED8A4CD-4B9B-4A67-8F27-BDA4EE038BC0}
		{AF1E904B-CB8E-440E-9F46-241AB259F3B5} = {8098B626-8D7C-4576-9C52-C958E3A9DDBB}
		{51F23943-A42A-4433-9F0C-88FB0FEBF616} = {55B5323B-9B6E-4EEF-AA8F-EFB92BCFAEFF}
		{F7DA45AA-7DD5-43E6-AA51-2AB88317B734} = {55B5323B-9B6E-4EEF-AA8F-EFB92BCFAEFF}
		{E095BAB3-BF66-4042-AA4E-78D0D406136A} = {55B5323B-9B6E-4EEF-AA8F-EFB92BCFAEFF}
		{F790A30B-68B2-40D2-BD33-3499078EC2EA} = {4BB4E507-F12B-4512-BC12-A8B0A557B43D}
		{6FB3C046-0A81-45F9-A3BB-3C9FB37FF3A3} = {9ED8A4CD-4B9B-4A67-8F27-BDA4EE038BC0}
		{34F9E929-F9D8-4898-A0B9-80299921100C} = {DA2AE88C-E805-4FEF-AD10-02E9397F0490}
		{5D883863-1F97-4A04-9ECD-61235B7134B7} = {DA2AE88C-E805-4FEF-AD10-02E9397F0490}
		{9B97E44C-AEEE-4205-AB45-4F6A69666EFC} = {34F9E929-F9D8-4898-A0B9-80299921100C}
		{708C6FE6-F572-4C2F-B0A4-8C8396361786} = {DA2AE88C-E805-4FEF-AD10-02E9397F0490}
		{B5EC00B0-9578-4E1D-B496-C7A02B392077} = {DA2AE88C-E805-4FEF-AD10-02E9397F0490}
		{B1911E33-8EC9-4721-99AB-8F59109769C9} = {5D883863-1F97-4A04-9ECD-61235B7134B7}
		{6FAD1879-6590-41DF-987E-F10EFF378C54} = {CC994D1F-A8E5-4894-A13E-F0602497C4F3}
		{13EBE620-9FA7-43BB-B40C-30ED79929991} = {CC994D1F-A8E5-4894-A13E-F0602497C4F3}
		{42AC490C-4B86-42BD-B414-B54A5CB41154} = {CC994D1F-A8E5-4894-A13E-F0602497C4F3}
		{A792D3FC-8EFC-4F9F-B674-F29FE56B0C72} = {CC994D1F-A8E5-4894-A13E-F0602497C4F3}
		{F542E929-953C-4BE0-AF26-73115DA778FF} = {6FAD1879-6590-41DF-987E-F10EFF378C54}
		{27055C22-C1AC-4B59-99F5-E6606B73EE57} = {13EBE620-9FA7-43BB-B40C-30ED79929991}
		{AE5331E5-503C-4AC1-894D-725AC03E4A34} = {6FAD1879-6590-41DF-987E-F10EFF378C54}
		{FE787705-D62B-4E6D-85E3-66ED758E3F44} = {13EBE620-9FA7-43BB-B40C-30ED79929991}
	EndGlobalSection
EndGlobal
