
Microsoft Visual Studio Solution File, Format Version 12.00
# Visual Studio 2013
VisualStudioVersion = 12.0.31101.0
MinimumVisualStudioVersion = 10.0.40219.1
Project("{2150E333-8FDC-42A3-9474-1A3956D46DE8}") = "Resources", "Resources", "{322A695B-320F-40C7-B9F2-83C69B13D0F8}"
EndProject
Project("{2150E333-8FDC-42A3-9474-1A3956D46DE8}") = "Bookings", "Bookings", "{4BB4E507-F12B-4512-BC12-A8B0A557B43D}"
EndProject
Project("{FAE04EC0-301F-11D3-BF4B-00C04F79EFBC}") = "Yue.Bookings.Model", "Yue.Bookings.Model\Yue.Bookings.Model.csproj", "{F9C983EE-2E26-4B5E-8CE4-B3BCC7074CE2}"
EndProject
Project("{FAE04EC0-301F-11D3-BF4B-00C04F79EFBC}") = "Yue.Bookings.Contract", "Yue.Bookings.Contract\Yue.Bookings.Contract.csproj", "{C904450F-F057-4F44-B7A0-E7227CCB3869}"
EndProject
Project("{FAE04EC0-301F-11D3-BF4B-00C04F79EFBC}") = "Yue.Resources.Model", "Yue.Resources.Model\Yue.Resources.Model.csproj", "{9B97E44C-AEEE-4205-AB45-4F6A69666EFC}"
EndProject
Project("{FAE04EC0-301F-11D3-BF4B-00C04F79EFBC}") = "Yue.Bookings.Repository", "Yue.Bookings.Repository\Yue.Bookings.Repository.csproj", "{8740C79F-7E92-4E2F-906B-359A068F8843}"
EndProject
Project("{2150E333-8FDC-42A3-9474-1A3956D46DE8}") = "Common", "Common", "{8098B626-8D7C-4576-9C52-C958E3A9DDBB}"
EndProject
Project("{FAE04EC0-301F-11D3-BF4B-00C04F79EFBC}") = "Yue.Common.Contract", "Yue.Common.Contract\Yue.Common.Contract.csproj", "{EF8DD186-9FBF-4069-9654-1CFFE049D12C}"
EndProject
Project("{2150E333-8FDC-42A3-9474-1A3956D46DE8}") = "Libraries", "Libraries", "{2E1CF9DD-177F-4F81-BE3B-2DB154462231}"
EndProject
Project("{FAE04EC0-301F-11D3-BF4B-00C04F79EFBC}") = "Yue.Bookings.Model.Write", "Yue.Bookings.Model.Write\Yue.Bookings.Model.Write.csproj", "{CEFBF04D-913E-4E0D-8103-17114BBD02FB}"
EndProject
Project("{FAE04EC0-301F-11D3-BF4B-00C04F79EFBC}") = "ACE.Contracts", "..\ace\ACE.Contracts\ACE.Contracts.csproj", "{82F70B71-71AB-49B1-9E3F-5197ABBFD1AA}"
EndProject
Project("{FAE04EC0-301F-11D3-BF4B-00C04F79EFBC}") = "ACE", "..\ace\ACE\ACE.csproj", "{81569F0A-133A-4E07-A66B-9EFC8B5F7411}"
EndProject
Project("{FAE04EC0-301F-11D3-BF4B-00C04F79EFBC}") = "Yue.Bookings.Application", "Yue.Bookings.Application\Yue.Bookings.Application.csproj", "{736E9241-FB2C-45B3-9AD5-E200B0E9BCFB}"
EndProject
Project("{FAE04EC0-301F-11D3-BF4B-00C04F79EFBC}") = "Yue.Bookings.Repository.Write", "Yue.Bookings.Repository.Write\Yue.Bookings.Repository.Write.csproj", "{6D81753E-FB46-4BFF-B649-F28D0F924020}"
EndProject
Project("{FAE04EC0-301F-11D3-BF4B-00C04F79EFBC}") = "Grit.Pattern.FSM", "..\Infrastructures\Grit.Pattern.FSM\Grit.Pattern.FSM.csproj", "{86F1D884-2C69-45A7-AC5A-F3F374060F3C}"
EndProject
Project("{FAE04EC0-301F-11D3-BF4B-00C04F79EFBC}") = "Grit.Sequence", "..\Infrastructures\Grit.Sequence\Grit.Sequence.csproj", "{0161CD61-4221-47C3-9567-1695C06DE101}"
EndProject
Project("{FAE04EC0-301F-11D3-BF4B-00C04F79EFBC}") = "Grit.Sequence.Repository.MySql", "..\Infrastructures\Grit.Sequence.Repository.Mysql\Grit.Sequence.Repository.MySql.csproj", "{C8223CCD-75F4-4B9E-813B-B8A5A83FF758}"
EndProject
Project("{FAE04EC0-301F-11D3-BF4B-00C04F79EFBC}") = "Yue.Common.Infrastructure", "Yue.Common.Infrastructure\Yue.Common.Infrastructure.csproj", "{02D7664C-630B-45BD-A21A-19C6A0C37740}"
EndProject
Project("{FAE04EC0-301F-11D3-BF4B-00C04F79EFBC}") = "Yue.Test.Console", "Yue.Test.Console\Yue.Test.Console.csproj", "{4671D79E-BEDB-46DB-9D15-2A588A4C53FA}"
EndProject
Global
	GlobalSection(SolutionConfigurationPlatforms) = preSolution
		Debug|Any CPU = Debug|Any CPU
		Release|Any CPU = Release|Any CPU
	EndGlobalSection
	GlobalSection(ProjectConfigurationPlatforms) = postSolution
		{F9C983EE-2E26-4B5E-8CE4-B3BCC7074CE2}.Debug|Any CPU.ActiveCfg = Debug|Any CPU
		{F9C983EE-2E26-4B5E-8CE4-B3BCC7074CE2}.Debug|Any CPU.Build.0 = Debug|Any CPU
		{F9C983EE-2E26-4B5E-8CE4-B3BCC7074CE2}.Release|Any CPU.ActiveCfg = Release|Any CPU
		{F9C983EE-2E26-4B5E-8CE4-B3BCC7074CE2}.Release|Any CPU.Build.0 = Release|Any CPU
		{C904450F-F057-4F44-B7A0-E7227CCB3869}.Debug|Any CPU.ActiveCfg = Debug|Any CPU
		{C904450F-F057-4F44-B7A0-E7227CCB3869}.Debug|Any CPU.Build.0 = Debug|Any CPU
		{C904450F-F057-4F44-B7A0-E7227CCB3869}.Release|Any CPU.ActiveCfg = Release|Any CPU
		{C904450F-F057-4F44-B7A0-E7227CCB3869}.Release|Any CPU.Build.0 = Release|Any CPU
		{9B97E44C-AEEE-4205-AB45-4F6A69666EFC}.Debug|Any CPU.ActiveCfg = Debug|Any CPU
		{9B97E44C-AEEE-4205-AB45-4F6A69666EFC}.Debug|Any CPU.Build.0 = Debug|Any CPU
		{9B97E44C-AEEE-4205-AB45-4F6A69666EFC}.Release|Any CPU.ActiveCfg = Release|Any CPU
		{9B97E44C-AEEE-4205-AB45-4F6A69666EFC}.Release|Any CPU.Build.0 = Release|Any CPU
		{8740C79F-7E92-4E2F-906B-359A068F8843}.Debug|Any CPU.ActiveCfg = Debug|Any CPU
		{8740C79F-7E92-4E2F-906B-359A068F8843}.Debug|Any CPU.Build.0 = Debug|Any CPU
		{8740C79F-7E92-4E2F-906B-359A068F8843}.Release|Any CPU.ActiveCfg = Release|Any CPU
		{8740C79F-7E92-4E2F-906B-359A068F8843}.Release|Any CPU.Build.0 = Release|Any CPU
		{EF8DD186-9FBF-4069-9654-1CFFE049D12C}.Debug|Any CPU.ActiveCfg = Debug|Any CPU
		{EF8DD186-9FBF-4069-9654-1CFFE049D12C}.Debug|Any CPU.Build.0 = Debug|Any CPU
		{EF8DD186-9FBF-4069-9654-1CFFE049D12C}.Release|Any CPU.ActiveCfg = Release|Any CPU
		{EF8DD186-9FBF-4069-9654-1CFFE049D12C}.Release|Any CPU.Build.0 = Release|Any CPU
		{CEFBF04D-913E-4E0D-8103-17114BBD02FB}.Debug|Any CPU.ActiveCfg = Debug|Any CPU
		{CEFBF04D-913E-4E0D-8103-17114BBD02FB}.Debug|Any CPU.Build.0 = Debug|Any CPU
		{CEFBF04D-913E-4E0D-8103-17114BBD02FB}.Release|Any CPU.ActiveCfg = Release|Any CPU
		{CEFBF04D-913E-4E0D-8103-17114BBD02FB}.Release|Any CPU.Build.0 = Release|Any CPU
		{82F70B71-71AB-49B1-9E3F-5197ABBFD1AA}.Debug|Any CPU.ActiveCfg = Debug|Any CPU
		{82F70B71-71AB-49B1-9E3F-5197ABBFD1AA}.Debug|Any CPU.Build.0 = Debug|Any CPU
		{82F70B71-71AB-49B1-9E3F-5197ABBFD1AA}.Release|Any CPU.ActiveCfg = Release|Any CPU
		{82F70B71-71AB-49B1-9E3F-5197ABBFD1AA}.Release|Any CPU.Build.0 = Release|Any CPU
		{81569F0A-133A-4E07-A66B-9EFC8B5F7411}.Debug|Any CPU.ActiveCfg = Debug|Any CPU
		{81569F0A-133A-4E07-A66B-9EFC8B5F7411}.Debug|Any CPU.Build.0 = Debug|Any CPU
		{81569F0A-133A-4E07-A66B-9EFC8B5F7411}.Release|Any CPU.ActiveCfg = Release|Any CPU
		{81569F0A-133A-4E07-A66B-9EFC8B5F7411}.Release|Any CPU.Build.0 = Release|Any CPU
		{736E9241-FB2C-45B3-9AD5-E200B0E9BCFB}.Debug|Any CPU.ActiveCfg = Debug|Any CPU
		{736E9241-FB2C-45B3-9AD5-E200B0E9BCFB}.Debug|Any CPU.Build.0 = Debug|Any CPU
		{736E9241-FB2C-45B3-9AD5-E200B0E9BCFB}.Release|Any CPU.ActiveCfg = Release|Any CPU
		{736E9241-FB2C-45B3-9AD5-E200B0E9BCFB}.Release|Any CPU.Build.0 = Release|Any CPU
		{6D81753E-FB46-4BFF-B649-F28D0F924020}.Debug|Any CPU.ActiveCfg = Debug|Any CPU
		{6D81753E-FB46-4BFF-B649-F28D0F924020}.Debug|Any CPU.Build.0 = Debug|Any CPU
		{6D81753E-FB46-4BFF-B649-F28D0F924020}.Release|Any CPU.ActiveCfg = Release|Any CPU
		{6D81753E-FB46-4BFF-B649-F28D0F924020}.Release|Any CPU.Build.0 = Release|Any CPU
		{86F1D884-2C69-45A7-AC5A-F3F374060F3C}.Debug|Any CPU.ActiveCfg = Debug|Any CPU
		{86F1D884-2C69-45A7-AC5A-F3F374060F3C}.Debug|Any CPU.Build.0 = Debug|Any CPU
		{86F1D884-2C69-45A7-AC5A-F3F374060F3C}.Release|Any CPU.ActiveCfg = Release|Any CPU
		{86F1D884-2C69-45A7-AC5A-F3F374060F3C}.Release|Any CPU.Build.0 = Release|Any CPU
		{0161CD61-4221-47C3-9567-1695C06DE101}.Debug|Any CPU.ActiveCfg = Debug|Any CPU
		{0161CD61-4221-47C3-9567-1695C06DE101}.Debug|Any CPU.Build.0 = Debug|Any CPU
		{0161CD61-4221-47C3-9567-1695C06DE101}.Release|Any CPU.ActiveCfg = Release|Any CPU
		{0161CD61-4221-47C3-9567-1695C06DE101}.Release|Any CPU.Build.0 = Release|Any CPU
		{C8223CCD-75F4-4B9E-813B-B8A5A83FF758}.Debug|Any CPU.ActiveCfg = Debug|Any CPU
		{C8223CCD-75F4-4B9E-813B-B8A5A83FF758}.Debug|Any CPU.Build.0 = Debug|Any CPU
		{C8223CCD-75F4-4B9E-813B-B8A5A83FF758}.Release|Any CPU.ActiveCfg = Release|Any CPU
		{C8223CCD-75F4-4B9E-813B-B8A5A83FF758}.Release|Any CPU.Build.0 = Release|Any CPU
		{02D7664C-630B-45BD-A21A-19C6A0C37740}.Debug|Any CPU.ActiveCfg = Debug|Any CPU
		{02D7664C-630B-45BD-A21A-19C6A0C37740}.Debug|Any CPU.Build.0 = Debug|Any CPU
		{02D7664C-630B-45BD-A21A-19C6A0C37740}.Release|Any CPU.ActiveCfg = Release|Any CPU
		{02D7664C-630B-45BD-A21A-19C6A0C37740}.Release|Any CPU.Build.0 = Release|Any CPU
		{4671D79E-BEDB-46DB-9D15-2A588A4C53FA}.Debug|Any CPU.ActiveCfg = Debug|Any CPU
		{4671D79E-BEDB-46DB-9D15-2A588A4C53FA}.Debug|Any CPU.Build.0 = Debug|Any CPU
		{4671D79E-BEDB-46DB-9D15-2A588A4C53FA}.Release|Any CPU.ActiveCfg = Release|Any CPU
		{4671D79E-BEDB-46DB-9D15-2A588A4C53FA}.Release|Any CPU.Build.0 = Release|Any CPU
	EndGlobalSection
	GlobalSection(SolutionProperties) = preSolution
		HideSolutionNode = FALSE
	EndGlobalSection
	GlobalSection(NestedProjects) = preSolution
		{F9C983EE-2E26-4B5E-8CE4-B3BCC7074CE2} = {4BB4E507-F12B-4512-BC12-A8B0A557B43D}
		{C904450F-F057-4F44-B7A0-E7227CCB3869} = {4BB4E507-F12B-4512-BC12-A8B0A557B43D}
		{9B97E44C-AEEE-4205-AB45-4F6A69666EFC} = {322A695B-320F-40C7-B9F2-83C69B13D0F8}
		{8740C79F-7E92-4E2F-906B-359A068F8843} = {4BB4E507-F12B-4512-BC12-A8B0A557B43D}
		{EF8DD186-9FBF-4069-9654-1CFFE049D12C} = {8098B626-8D7C-4576-9C52-C958E3A9DDBB}
		{CEFBF04D-913E-4E0D-8103-17114BBD02FB} = {4BB4E507-F12B-4512-BC12-A8B0A557B43D}
		{82F70B71-71AB-49B1-9E3F-5197ABBFD1AA} = {2E1CF9DD-177F-4F81-BE3B-2DB154462231}
		{81569F0A-133A-4E07-A66B-9EFC8B5F7411} = {2E1CF9DD-177F-4F81-BE3B-2DB154462231}
		{736E9241-FB2C-45B3-9AD5-E200B0E9BCFB} = {4BB4E507-F12B-4512-BC12-A8B0A557B43D}
		{6D81753E-FB46-4BFF-B649-F28D0F924020} = {4BB4E507-F12B-4512-BC12-A8B0A557B43D}
		{86F1D884-2C69-45A7-AC5A-F3F374060F3C} = {2E1CF9DD-177F-4F81-BE3B-2DB154462231}
		{0161CD61-4221-47C3-9567-1695C06DE101} = {2E1CF9DD-177F-4F81-BE3B-2DB154462231}
		{C8223CCD-75F4-4B9E-813B-B8A5A83FF758} = {2E1CF9DD-177F-4F81-BE3B-2DB154462231}
		{02D7664C-630B-45BD-A21A-19C6A0C37740} = {8098B626-8D7C-4576-9C52-C958E3A9DDBB}
	EndGlobalSection
EndGlobal
